// !$*UTF8*$!
{
	archiveVersion = 1;
	classes = {
	};
	objectVersion = 46;
	objects = {

/* Begin PBXBuildFile section */
		3D6CEAE01EB4D21D0057CF5F /* FRPGalleryViewFlowLayout.m in Sources */ = {isa = PBXBuildFile; fileRef = 3D6CEADF1EB4D21D0057CF5F /* FRPGalleryViewFlowLayout.m */; };
		3D6CEAE31EB4D28D0057CF5F /* FRPGalleryViewController.m in Sources */ = {isa = PBXBuildFile; fileRef = 3D6CEAE21EB4D28C0057CF5F /* FRPGalleryViewController.m */; };
		3D99248E1EB4A4F10005310E /* main.m in Sources */ = {isa = PBXBuildFile; fileRef = 3D99248D1EB4A4F10005310E /* main.m */; };
		3D9924911EB4A4F10005310E /* AppDelegate.m in Sources */ = {isa = PBXBuildFile; fileRef = 3D9924901EB4A4F10005310E /* AppDelegate.m */; };
		3D9924941EB4A4F10005310E /* ViewController.m in Sources */ = {isa = PBXBuildFile; fileRef = 3D9924931EB4A4F10005310E /* ViewController.m */; };
		3D9924971EB4A4F10005310E /* Main.storyboard in Resources */ = {isa = PBXBuildFile; fileRef = 3D9924951EB4A4F10005310E /* Main.storyboard */; };
		3D9924991EB4A4F10005310E /* Assets.xcassets in Resources */ = {isa = PBXBuildFile; fileRef = 3D9924981EB4A4F10005310E /* Assets.xcassets */; };
		3D99249C1EB4A4F10005310E /* LaunchScreen.storyboard in Resources */ = {isa = PBXBuildFile; fileRef = 3D99249A1EB4A4F10005310E /* LaunchScreen.storyboard */; };
		3D9924A71EB4A4F10005310E /* FunctionalReactivePixelsTests.m in Sources */ = {isa = PBXBuildFile; fileRef = 3D9924A61EB4A4F10005310E /* FunctionalReactivePixelsTests.m */; };
		3D9924B21EB4A4F10005310E /* FunctionalReactivePixelsUITests.m in Sources */ = {isa = PBXBuildFile; fileRef = 3D9924B11EB4A4F10005310E /* FunctionalReactivePixelsUITests.m */; };
		42E541BFD4B840853C76A1AD /* libPods-FunctionalReactivePixels.a in Frameworks */ = {isa = PBXBuildFile; fileRef = 0B474C80AB8A79892EB2EBCC /* libPods-FunctionalReactivePixels.a */; };
		5A9CCE36CC2B56C137DFA5E5 /* libPods-FunctionalReactivePixelsUITests.a in Frameworks */ = {isa = PBXBuildFile; fileRef = 571E8D6429A3920486DDE62E /* libPods-FunctionalReactivePixelsUITests.a */; };
		E373D447A19A274C4479C613 /* libPods-FunctionalReactivePixelsTests.a in Frameworks */ = {isa = PBXBuildFile; fileRef = 8EBA1EBA8D5E203CCCE520B6 /* libPods-FunctionalReactivePixelsTests.a */; };
/* End PBXBuildFile section */

/* Begin PBXContainerItemProxy section */
		3D9924A31EB4A4F10005310E /* PBXContainerItemProxy */ = {
			isa = PBXContainerItemProxy;
			containerPortal = 3D9924811EB4A4F10005310E /* Project object */;
			proxyType = 1;
			remoteGlobalIDString = 3D9924881EB4A4F10005310E;
			remoteInfo = FunctionalReactivePixels;
		};
		3D9924AE1EB4A4F10005310E /* PBXContainerItemProxy */ = {
			isa = PBXContainerItemProxy;
			containerPortal = 3D9924811EB4A4F10005310E /* Project object */;
			proxyType = 1;
			remoteGlobalIDString = 3D9924881EB4A4F10005310E;
			remoteInfo = FunctionalReactivePixels;
		};
/* End PBXContainerItemProxy section */

/* Begin PBXFileReference section */
		0B474C80AB8A79892EB2EBCC /* libPods-FunctionalReactivePixels.a */ = {isa = PBXFileReference; explicitFileType = archive.ar; includeInIndex = 0; path = "libPods-FunctionalReactivePixels.a"; sourceTree = BUILT_PRODUCTS_DIR; };
		3D6CEADE1EB4D21D0057CF5F /* FRPGalleryViewFlowLayout.h */ = {isa = PBXFileReference; fileEncoding = 4; lastKnownFileType = sourcecode.c.h; path = FRPGalleryViewFlowLayout.h; sourceTree = "<group>"; };
		3D6CEADF1EB4D21D0057CF5F /* FRPGalleryViewFlowLayout.m */ = {isa = PBXFileReference; fileEncoding = 4; lastKnownFileType = sourcecode.c.objc; path = FRPGalleryViewFlowLayout.m; sourceTree = "<group>"; };
		3D6CEAE11EB4D28C0057CF5F /* FRPGalleryViewController.h */ = {isa = PBXFileReference; fileEncoding = 4; lastKnownFileType = sourcecode.c.h; path = FRPGalleryViewController.h; sourceTree = "<group>"; };
		3D6CEAE21EB4D28C0057CF5F /* FRPGalleryViewController.m */ = {isa = PBXFileReference; fileEncoding = 4; lastKnownFileType = sourcecode.c.objc; path = FRPGalleryViewController.m; sourceTree = "<group>"; };
		3D9924891EB4A4F10005310E /* FunctionalReactivePixels.app */ = {isa = PBXFileReference; explicitFileType = wrapper.application; includeInIndex = 0; path = FunctionalReactivePixels.app; sourceTree = BUILT_PRODUCTS_DIR; };
		3D99248D1EB4A4F10005310E /* main.m */ = {isa = PBXFileReference; lastKnownFileType = sourcecode.c.objc; path = main.m; sourceTree = "<group>"; };
		3D99248F1EB4A4F10005310E /* AppDelegate.h */ = {isa = PBXFileReference; lastKnownFileType = sourcecode.c.h; path = AppDelegate.h; sourceTree = "<group>"; };
		3D9924901EB4A4F10005310E /* AppDelegate.m */ = {isa = PBXFileReference; lastKnownFileType = sourcecode.c.objc; path = AppDelegate.m; sourceTree = "<group>"; };
		3D9924921EB4A4F10005310E /* ViewController.h */ = {isa = PBXFileReference; lastKnownFileType = sourcecode.c.h; path = ViewController.h; sourceTree = "<group>"; };
		3D9924931EB4A4F10005310E /* ViewController.m */ = {isa = PBXFileReference; lastKnownFileType = sourcecode.c.objc; path = ViewController.m; sourceTree = "<group>"; };
		3D9924961EB4A4F10005310E /* Base */ = {isa = PBXFileReference; lastKnownFileType = file.storyboard; name = Base; path = Base.lproj/Main.storyboard; sourceTree = "<group>"; };
		3D9924981EB4A4F10005310E /* Assets.xcassets */ = {isa = PBXFileReference; lastKnownFileType = folder.assetcatalog; path = Assets.xcassets; sourceTree = "<group>"; };
		3D99249B1EB4A4F10005310E /* Base */ = {isa = PBXFileReference; lastKnownFileType = file.storyboard; name = Base; path = Base.lproj/LaunchScreen.storyboard; sourceTree = "<group>"; };
		3D99249D1EB4A4F10005310E /* Info.plist */ = {isa = PBXFileReference; lastKnownFileType = text.plist.xml; path = Info.plist; sourceTree = "<group>"; };
		3D9924A21EB4A4F10005310E /* FunctionalReactivePixelsTests.xctest */ = {isa = PBXFileReference; explicitFileType = wrapper.cfbundle; includeInIndex = 0; path = FunctionalReactivePixelsTests.xctest; sourceTree = BUILT_PRODUCTS_DIR; };
		3D9924A61EB4A4F10005310E /* FunctionalReactivePixelsTests.m */ = {isa = PBXFileReference; lastKnownFileType = sourcecode.c.objc; path = FunctionalReactivePixelsTests.m; sourceTree = "<group>"; };
		3D9924A81EB4A4F10005310E /* Info.plist */ = {isa = PBXFileReference; lastKnownFileType = text.plist.xml; path = Info.plist; sourceTree = "<group>"; };
		3D9924AD1EB4A4F10005310E /* FunctionalReactivePixelsUITests.xctest */ = {isa = PBXFileReference; explicitFileType = wrapper.cfbundle; includeInIndex = 0; path = FunctionalReactivePixelsUITests.xctest; sourceTree = BUILT_PRODUCTS_DIR; };
		3D9924B11EB4A4F10005310E /* FunctionalReactivePixelsUITests.m */ = {isa = PBXFileReference; lastKnownFileType = sourcecode.c.objc; path = FunctionalReactivePixelsUITests.m; sourceTree = "<group>"; };
		3D9924B31EB4A4F10005310E /* Info.plist */ = {isa = PBXFileReference; lastKnownFileType = text.plist.xml; path = Info.plist; sourceTree = "<group>"; };
		476D2221A9ABC37A6045EF7C /* Pods-FunctionalReactivePixels.debug.xcconfig */ = {isa = PBXFileReference; includeInIndex = 1; lastKnownFileType = text.xcconfig; name = "Pods-FunctionalReactivePixels.debug.xcconfig"; path = "Pods/Target Support Files/Pods-FunctionalReactivePixels/Pods-FunctionalReactivePixels.debug.xcconfig"; sourceTree = "<group>"; };
		571E8D6429A3920486DDE62E /* libPods-FunctionalReactivePixelsUITests.a */ = {isa = PBXFileReference; explicitFileType = archive.ar; includeInIndex = 0; path = "libPods-FunctionalReactivePixelsUITests.a"; sourceTree = BUILT_PRODUCTS_DIR; };
		6CD0F0753E594444B0E241C4 /* Pods-FunctionalReactivePixelsUITests.debug.xcconfig */ = {isa = PBXFileReference; includeInIndex = 1; lastKnownFileType = text.xcconfig; name = "Pods-FunctionalReactivePixelsUITests.debug.xcconfig"; path = "Pods/Target Support Files/Pods-FunctionalReactivePixelsUITests/Pods-FunctionalReactivePixelsUITests.debug.xcconfig"; sourceTree = "<group>"; };
		7D836945F2E2EF8F2C32A0ED /* Pods-FunctionalReactivePixelsTests.release.xcconfig */ = {isa = PBXFileReference; includeInIndex = 1; lastKnownFileType = text.xcconfig; name = "Pods-FunctionalReactivePixelsTests.release.xcconfig"; path = "Pods/Target Support Files/Pods-FunctionalReactivePixelsTests/Pods-FunctionalReactivePixelsTests.release.xcconfig"; sourceTree = "<group>"; };
		8EBA1EBA8D5E203CCCE520B6 /* libPods-FunctionalReactivePixelsTests.a */ = {isa = PBXFileReference; explicitFileType = archive.ar; includeInIndex = 0; path = "libPods-FunctionalReactivePixelsTests.a"; sourceTree = BUILT_PRODUCTS_DIR; };
		94157A56CC85AAB4F7705DC7 /* Pods-FunctionalReactivePixelsTests.debug.xcconfig */ = {isa = PBXFileReference; includeInIndex = 1; lastKnownFileType = text.xcconfig; name = "Pods-FunctionalReactivePixelsTests.debug.xcconfig"; path = "Pods/Target Support Files/Pods-FunctionalReactivePixelsTests/Pods-FunctionalReactivePixelsTests.debug.xcconfig"; sourceTree = "<group>"; };
		AA5292B0D6EE2A471A71F1F2 /* Pods-FunctionalReactivePixels.release.xcconfig */ = {isa = PBXFileReference; includeInIndex = 1; lastKnownFileType = text.xcconfig; name = "Pods-FunctionalReactivePixels.release.xcconfig"; path = "Pods/Target Support Files/Pods-FunctionalReactivePixels/Pods-FunctionalReactivePixels.release.xcconfig"; sourceTree = "<group>"; };
		C19EBA9EE6403D6F75EC3AE0 /* Pods-FunctionalReactivePixelsUITests.release.xcconfig */ = {isa = PBXFileReference; includeInIndex = 1; lastKnownFileType = text.xcconfig; name = "Pods-FunctionalReactivePixelsUITests.release.xcconfig"; path = "Pods/Target Support Files/Pods-FunctionalReactivePixelsUITests/Pods-FunctionalReactivePixelsUITests.release.xcconfig"; sourceTree = "<group>"; };
/* End PBXFileReference section */

/* Begin PBXFrameworksBuildPhase section */
		3D9924861EB4A4F10005310E /* Frameworks */ = {
			isa = PBXFrameworksBuildPhase;
			buildActionMask = 2147483647;
			files = (
				42E541BFD4B840853C76A1AD /* libPods-FunctionalReactivePixels.a in Frameworks */,
			);
			runOnlyForDeploymentPostprocessing = 0;
		};
		3D99249F1EB4A4F10005310E /* Frameworks */ = {
			isa = PBXFrameworksBuildPhase;
			buildActionMask = 2147483647;
			files = (
				E373D447A19A274C4479C613 /* libPods-FunctionalReactivePixelsTests.a in Frameworks */,
			);
			runOnlyForDeploymentPostprocessing = 0;
		};
		3D9924AA1EB4A4F10005310E /* Frameworks */ = {
			isa = PBXFrameworksBuildPhase;
			buildActionMask = 2147483647;
			files = (
				5A9CCE36CC2B56C137DFA5E5 /* libPods-FunctionalReactivePixelsUITests.a in Frameworks */,
			);
			runOnlyForDeploymentPostprocessing = 0;
		};
/* End PBXFrameworksBuildPhase section */

/* Begin PBXGroup section */
		3D9924801EB4A4F10005310E = {
			isa = PBXGroup;
			children = (
				3D99248B1EB4A4F10005310E /* FunctionalReactivePixels */,
				3D9924A51EB4A4F10005310E /* FunctionalReactivePixelsTests */,
				3D9924B01EB4A4F10005310E /* FunctionalReactivePixelsUITests */,
				3D99248A1EB4A4F10005310E /* Products */,
				71C38CAE77C1C6750CD9F3D4 /* Pods */,
				58DC991C71B35B00405934B0 /* Frameworks */,
			);
			sourceTree = "<group>";
		};
		3D99248A1EB4A4F10005310E /* Products */ = {
			isa = PBXGroup;
			children = (
				3D9924891EB4A4F10005310E /* FunctionalReactivePixels.app */,
				3D9924A21EB4A4F10005310E /* FunctionalReactivePixelsTests.xctest */,
				3D9924AD1EB4A4F10005310E /* FunctionalReactivePixelsUITests.xctest */,
			);
			name = Products;
			sourceTree = "<group>";
		};
		3D99248B1EB4A4F10005310E /* FunctionalReactivePixels */ = {
			isa = PBXGroup;
			children = (
				3D99248F1EB4A4F10005310E /* AppDelegate.h */,
				3D9924901EB4A4F10005310E /* AppDelegate.m */,
				3D6CEADE1EB4D21D0057CF5F /* FRPGalleryViewFlowLayout.h */,
				3D6CEADF1EB4D21D0057CF5F /* FRPGalleryViewFlowLayout.m */,
				3D6CEAE11EB4D28C0057CF5F /* FRPGalleryViewController.h */,
				3D6CEAE21EB4D28C0057CF5F /* FRPGalleryViewController.m */,
				3D9924921EB4A4F10005310E /* ViewController.h */,
				3D9924931EB4A4F10005310E /* ViewController.m */,
				3D9924951EB4A4F10005310E /* Main.storyboard */,
				3D9924981EB4A4F10005310E /* Assets.xcassets */,
				3D99249A1EB4A4F10005310E /* LaunchScreen.storyboard */,
				3D99249D1EB4A4F10005310E /* Info.plist */,
				3D99248C1EB4A4F10005310E /* Supporting Files */,
			);
			path = FunctionalReactivePixels;
			sourceTree = "<group>";
		};
		3D99248C1EB4A4F10005310E /* Supporting Files */ = {
			isa = PBXGroup;
			children = (
				3D99248D1EB4A4F10005310E /* main.m */,
			);
			name = "Supporting Files";
			sourceTree = "<group>";
		};
		3D9924A51EB4A4F10005310E /* FunctionalReactivePixelsTests */ = {
			isa = PBXGroup;
			children = (
				3D9924A61EB4A4F10005310E /* FunctionalReactivePixelsTests.m */,
				3D9924A81EB4A4F10005310E /* Info.plist */,
			);
			path = FunctionalReactivePixelsTests;
			sourceTree = "<group>";
		};
		3D9924B01EB4A4F10005310E /* FunctionalReactivePixelsUITests */ = {
			isa = PBXGroup;
			children = (
				3D9924B11EB4A4F10005310E /* FunctionalReactivePixelsUITests.m */,
				3D9924B31EB4A4F10005310E /* Info.plist */,
			);
			path = FunctionalReactivePixelsUITests;
			sourceTree = "<group>";
		};
		58DC991C71B35B00405934B0 /* Frameworks */ = {
			isa = PBXGroup;
			children = (
				0B474C80AB8A79892EB2EBCC /* libPods-FunctionalReactivePixels.a */,
				8EBA1EBA8D5E203CCCE520B6 /* libPods-FunctionalReactivePixelsTests.a */,
				571E8D6429A3920486DDE62E /* libPods-FunctionalReactivePixelsUITests.a */,
			);
			name = Frameworks;
			sourceTree = "<group>";
		};
		71C38CAE77C1C6750CD9F3D4 /* Pods */ = {
			isa = PBXGroup;
			children = (
				476D2221A9ABC37A6045EF7C /* Pods-FunctionalReactivePixels.debug.xcconfig */,
				AA5292B0D6EE2A471A71F1F2 /* Pods-FunctionalReactivePixels.release.xcconfig */,
				94157A56CC85AAB4F7705DC7 /* Pods-FunctionalReactivePixelsTests.debug.xcconfig */,
				7D836945F2E2EF8F2C32A0ED /* Pods-FunctionalReactivePixelsTests.release.xcconfig */,
				6CD0F0753E594444B0E241C4 /* Pods-FunctionalReactivePixelsUITests.debug.xcconfig */,
				C19EBA9EE6403D6F75EC3AE0 /* Pods-FunctionalReactivePixelsUITests.release.xcconfig */,
			);
			name = Pods;
			sourceTree = "<group>";
		};
/* End PBXGroup section */

/* Begin PBXNativeTarget section */
		3D9924881EB4A4F10005310E /* FunctionalReactivePixels */ = {
			isa = PBXNativeTarget;
			buildConfigurationList = 3D9924B61EB4A4F10005310E /* Build configuration list for PBXNativeTarget "FunctionalReactivePixels" */;
			buildPhases = (
				0B16262F89E70F95CD100809 /* [CP] Check Pods Manifest.lock */,
				3D9924851EB4A4F10005310E /* Sources */,
				3D9924861EB4A4F10005310E /* Frameworks */,
				3D9924871EB4A4F10005310E /* Resources */,
				3BEC50FC8CFABA24FE3F943B /* [CP] Embed Pods Frameworks */,
				14BBF8BA0002D9BCE7A89795 /* [CP] Copy Pods Resources */,
			);
			buildRules = (
			);
			dependencies = (
			);
			name = FunctionalReactivePixels;
			productName = FunctionalReactivePixels;
			productReference = 3D9924891EB4A4F10005310E /* FunctionalReactivePixels.app */;
			productType = "com.apple.product-type.application";
		};
		3D9924A11EB4A4F10005310E /* FunctionalReactivePixelsTests */ = {
			isa = PBXNativeTarget;
			buildConfigurationList = 3D9924B91EB4A4F10005310E /* Build configuration list for PBXNativeTarget "FunctionalReactivePixelsTests" */;
			buildPhases = (
				52DBDB5AA306E005930CD001 /* [CP] Check Pods Manifest.lock */,
				3D99249E1EB4A4F10005310E /* Sources */,
				3D99249F1EB4A4F10005310E /* Frameworks */,
				3D9924A01EB4A4F10005310E /* Resources */,
				C4A37C2E6CE517A823CD6E70 /* [CP] Embed Pods Frameworks */,
				94E1843CF0499264FE10206C /* [CP] Copy Pods Resources */,
			);
			buildRules = (
			);
			dependencies = (
				3D9924A41EB4A4F10005310E /* PBXTargetDependency */,
			);
			name = FunctionalReactivePixelsTests;
			productName = FunctionalReactivePixelsTests;
			productReference = 3D9924A21EB4A4F10005310E /* FunctionalReactivePixelsTests.xctest */;
			productType = "com.apple.product-type.bundle.unit-test";
		};
		3D9924AC1EB4A4F10005310E /* FunctionalReactivePixelsUITests */ = {
			isa = PBXNativeTarget;
			buildConfigurationList = 3D9924BC1EB4A4F10005310E /* Build configuration list for PBXNativeTarget "FunctionalReactivePixelsUITests" */;
			buildPhases = (
				09AFA76E2ACA55878184D73D /* [CP] Check Pods Manifest.lock */,
				3D9924A91EB4A4F10005310E /* Sources */,
				3D9924AA1EB4A4F10005310E /* Frameworks */,
				3D9924AB1EB4A4F10005310E /* Resources */,
				295AEA819A1D86EF982BF637 /* [CP] Embed Pods Frameworks */,
				02B4CB4D6BB0E30EAB2125F1 /* [CP] Copy Pods Resources */,
			);
			buildRules = (
			);
			dependencies = (
				3D9924AF1EB4A4F10005310E /* PBXTargetDependency */,
			);
			name = FunctionalReactivePixelsUITests;
			productName = FunctionalReactivePixelsUITests;
			productReference = 3D9924AD1EB4A4F10005310E /* FunctionalReactivePixelsUITests.xctest */;
			productType = "com.apple.product-type.bundle.ui-testing";
		};
/* End PBXNativeTarget section */

/* Begin PBXProject section */
		3D9924811EB4A4F10005310E /* Project object */ = {
			isa = PBXProject;
			attributes = {
				CLASSPREFIX = FRP;
				LastUpgradeCheck = 0830;
				ORGANIZATIONNAME = "William Peregoy";
				TargetAttributes = {
					3D9924881EB4A4F10005310E = {
						CreatedOnToolsVersion = 8.3.2;
						DevelopmentTeam = 5KSG8638H7;
						ProvisioningStyle = Automatic;
					};
					3D9924A11EB4A4F10005310E = {
						CreatedOnToolsVersion = 8.3.2;
						DevelopmentTeam = 5KSG8638H7;
						ProvisioningStyle = Automatic;
						TestTargetID = 3D9924881EB4A4F10005310E;
					};
					3D9924AC1EB4A4F10005310E = {
						CreatedOnToolsVersion = 8.3.2;
						DevelopmentTeam = 5KSG8638H7;
						ProvisioningStyle = Automatic;
						TestTargetID = 3D9924881EB4A4F10005310E;
					};
				};
			};
			buildConfigurationList = 3D9924841EB4A4F10005310E /* Build configuration list for PBXProject "FunctionalReactivePixels" */;
			compatibilityVersion = "Xcode 3.2";
			developmentRegion = English;
			hasScannedForEncodings = 0;
			knownRegions = (
				en,
				Base,
			);
			mainGroup = 3D9924801EB4A4F10005310E;
			productRefGroup = 3D99248A1EB4A4F10005310E /* Products */;
			projectDirPath = "";
			projectRoot = "";
			targets = (
				3D9924881EB4A4F10005310E /* FunctionalReactivePixels */,
				3D9924A11EB4A4F10005310E /* FunctionalReactivePixelsTests */,
				3D9924AC1EB4A4F10005310E /* FunctionalReactivePixelsUITests */,
			);
		};
/* End PBXProject section */

/* Begin PBXResourcesBuildPhase section */
		3D9924871EB4A4F10005310E /* Resources */ = {
			isa = PBXResourcesBuildPhase;
			buildActionMask = 2147483647;
			files = (
				3D99249C1EB4A4F10005310E /* LaunchScreen.storyboard in Resources */,
				3D9924991EB4A4F10005310E /* Assets.xcassets in Resources */,
				3D9924971EB4A4F10005310E /* Main.storyboard in Resources */,
			);
			runOnlyForDeploymentPostprocessing = 0;
		};
		3D9924A01EB4A4F10005310E /* Resources */ = {
			isa = PBXResourcesBuildPhase;
			buildActionMask = 2147483647;
			files = (
			);
			runOnlyForDeploymentPostprocessing = 0;
		};
		3D9924AB1EB4A4F10005310E /* Resources */ = {
			isa = PBXResourcesBuildPhase;
			buildActionMask = 2147483647;
			files = (
			);
			runOnlyForDeploymentPostprocessing = 0;
		};
/* End PBXResourcesBuildPhase section */

/* Begin PBXShellScriptBuildPhase section */
		02B4CB4D6BB0E30EAB2125F1 /* [CP] Copy Pods Resources */ = {
			isa = PBXShellScriptBuildPhase;
			buildActionMask = 2147483647;
			files = (
			);
			inputPaths = (
			);
			name = "[CP] Copy Pods Resources";
			outputPaths = (
			);
			runOnlyForDeploymentPostprocessing = 0;
			shellPath = /bin/sh;
			shellScript = "\"${SRCROOT}/Pods/Target Support Files/Pods-FunctionalReactivePixelsUITests/Pods-FunctionalReactivePixelsUITests-resources.sh\"\n";
			showEnvVarsInLog = 0;
		};
		09AFA76E2ACA55878184D73D /* [CP] Check Pods Manifest.lock */ = {
			isa = PBXShellScriptBuildPhase;
			buildActionMask = 2147483647;
			files = (
			);
			inputPaths = (
			);
			name = "[CP] Check Pods Manifest.lock";
			outputPaths = (
			);
			runOnlyForDeploymentPostprocessing = 0;
			shellPath = /bin/sh;
			shellScript = "diff \"${PODS_ROOT}/../Podfile.lock\" \"${PODS_ROOT}/Manifest.lock\" > /dev/null\nif [ $? != 0 ] ; then\n    # print error to STDERR\n    echo \"error: The sandbox is not in sync with the Podfile.lock. Run 'pod install' or update your CocoaPods installation.\" >&2\n    exit 1\nfi\n";
			showEnvVarsInLog = 0;
		};
		0B16262F89E70F95CD100809 /* [CP] Check Pods Manifest.lock */ = {
			isa = PBXShellScriptBuildPhase;
			buildActionMask = 2147483647;
			files = (
			);
			inputPaths = (
			);
			name = "[CP] Check Pods Manifest.lock";
			outputPaths = (
			);
			runOnlyForDeploymentPostprocessing = 0;
			shellPath = /bin/sh;
			shellScript = "diff \"${PODS_ROOT}/../Podfile.lock\" \"${PODS_ROOT}/Manifest.lock\" > /dev/null\nif [ $? != 0 ] ; then\n    # print error to STDERR\n    echo \"error: The sandbox is not in sync with the Podfile.lock. Run 'pod install' or update your CocoaPods installation.\" >&2\n    exit 1\nfi\n";
			showEnvVarsInLog = 0;
		};
		14BBF8BA0002D9BCE7A89795 /* [CP] Copy Pods Resources */ = {
			isa = PBXShellScriptBuildPhase;
			buildActionMask = 2147483647;
			files = (
			);
			inputPaths = (
			);
			name = "[CP] Copy Pods Resources";
			outputPaths = (
			);
			runOnlyForDeploymentPostprocessing = 0;
			shellPath = /bin/sh;
			shellScript = "\"${SRCROOT}/Pods/Target Support Files/Pods-FunctionalReactivePixels/Pods-FunctionalReactivePixels-resources.sh\"\n";
			showEnvVarsInLog = 0;
		};
		295AEA819A1D86EF982BF637 /* [CP] Embed Pods Frameworks */ = {
			isa = PBXShellScriptBuildPhase;
			buildActionMask = 2147483647;
			files = (
			);
			inputPaths = (
			);
			name = "[CP] Embed Pods Frameworks";
			outputPaths = (
			);
			runOnlyForDeploymentPostprocessing = 0;
			shellPath = /bin/sh;
			shellScript = "\"${SRCROOT}/Pods/Target Support Files/Pods-FunctionalReactivePixelsUITests/Pods-FunctionalReactivePixelsUITests-frameworks.sh\"\n";
			showEnvVarsInLog = 0;
		};
		3BEC50FC8CFABA24FE3F943B /* [CP] Embed Pods Frameworks */ = {
			isa = PBXShellScriptBuildPhase;
			buildActionMask = 2147483647;
			files = (
			);
			inputPaths = (
			);
			name = "[CP] Embed Pods Frameworks";
			outputPaths = (
			);
			runOnlyForDeploymentPostprocessing = 0;
			shellPath = /bin/sh;
			shellScript = "\"${SRCROOT}/Pods/Target Support Files/Pods-FunctionalReactivePixels/Pods-FunctionalReactivePixels-frameworks.sh\"\n";
			showEnvVarsInLog = 0;
		};
		52DBDB5AA306E005930CD001 /* [CP] Check Pods Manifest.lock */ = {
			isa = PBXShellScriptBuildPhase;
			buildActionMask = 2147483647;
			files = (
			);
			inputPaths = (
			);
			name = "[CP] Check Pods Manifest.lock";
			outputPaths = (
			);
			runOnlyForDeploymentPostprocessing = 0;
			shellPath = /bin/sh;
			shellScript = "diff \"${PODS_ROOT}/../Podfile.lock\" \"${PODS_ROOT}/Manifest.lock\" > /dev/null\nif [ $? != 0 ] ; then\n    # print error to STDERR\n    echo \"error: The sandbox is not in sync with the Podfile.lock. Run 'pod install' or update your CocoaPods installation.\" >&2\n    exit 1\nfi\n";
			showEnvVarsInLog = 0;
		};
		94E1843CF0499264FE10206C /* [CP] Copy Pods Resources */ = {
			isa = PBXShellScriptBuildPhase;
			buildActionMask = 2147483647;
			files = (
			);
			inputPaths = (
			);
			name = "[CP] Copy Pods Resources";
			outputPaths = (
			);
			runOnlyForDeploymentPostprocessing = 0;
			shellPath = /bin/sh;
			shellScript = "\"${SRCROOT}/Pods/Target Support Files/Pods-FunctionalReactivePixelsTests/Pods-FunctionalReactivePixelsTests-resources.sh\"\n";
			showEnvVarsInLog = 0;
		};
		C4A37C2E6CE517A823CD6E70 /* [CP] Embed Pods Frameworks */ = {
			isa = PBXShellScriptBuildPhase;
			buildActionMask = 2147483647;
			files = (
			);
			inputPaths = (
			);
			name = "[CP] Embed Pods Frameworks";
			outputPaths = (
			);
			runOnlyForDeploymentPostprocessing = 0;
			shellPath = /bin/sh;
			shellScript = "\"${SRCROOT}/Pods/Target Support Files/Pods-FunctionalReactivePixelsTests/Pods-FunctionalReactivePixelsTests-frameworks.sh\"\n";
			showEnvVarsInLog = 0;
		};
/* End PBXShellScriptBuildPhase section */

/* Begin PBXSourcesBuildPhase section */
		3D9924851EB4A4F10005310E /* Sources */ = {
			isa = PBXSourcesBuildPhase;
			buildActionMask = 2147483647;
			files = (
				3D9924941EB4A4F10005310E /* ViewController.m in Sources */,
				3D9924911EB4A4F10005310E /* AppDelegate.m in Sources */,
				3D6CEAE01EB4D21D0057CF5F /* FRPGalleryViewFlowLayout.m in Sources */,
				3D99248E1EB4A4F10005310E /* main.m in Sources */,
				3D6CEAE31EB4D28D0057CF5F /* FRPGalleryViewController.m in Sources */,
			);
			runOnlyForDeploymentPostprocessing = 0;
		};
		3D99249E1EB4A4F10005310E /* Sources */ = {
			isa = PBXSourcesBuildPhase;
			buildActionMask = 2147483647;
			files = (
				3D9924A71EB4A4F10005310E /* FunctionalReactivePixelsTests.m in Sources */,
			);
			runOnlyForDeploymentPostprocessing = 0;
		};
		3D9924A91EB4A4F10005310E /* Sources */ = {
			isa = PBXSourcesBuildPhase;
			buildActionMask = 2147483647;
			files = (
				3D9924B21EB4A4F10005310E /* FunctionalReactivePixelsUITests.m in Sources */,
			);
			runOnlyForDeploymentPostprocessing = 0;
		};
/* End PBXSourcesBuildPhase section */

/* Begin PBXTargetDependency section */
		3D9924A41EB4A4F10005310E /* PBXTargetDependency */ = {
			isa = PBXTargetDependency;
			target = 3D9924881EB4A4F10005310E /* FunctionalReactivePixels */;
			targetProxy = 3D9924A31EB4A4F10005310E /* PBXContainerItemProxy */;
		};
		3D9924AF1EB4A4F10005310E /* PBXTargetDependency */ = {
			isa = PBXTargetDependency;
			target = 3D9924881EB4A4F10005310E /* FunctionalReactivePixels */;
			targetProxy = 3D9924AE1EB4A4F10005310E /* PBXContainerItemProxy */;
		};
/* End PBXTargetDependency section */

/* Begin PBXVariantGroup section */
		3D9924951EB4A4F10005310E /* Main.storyboard */ = {
			isa = PBXVariantGroup;
			children = (
				3D9924961EB4A4F10005310E /* Base */,
			);
			name = Main.storyboard;
			sourceTree = "<group>";
		};
		3D99249A1EB4A4F10005310E /* LaunchScreen.storyboard */ = {
			isa = PBXVariantGroup;
			children = (
				3D99249B1EB4A4F10005310E /* Base */,
			);
			name = LaunchScreen.storyboard;
			sourceTree = "<group>";
		};
/* End PBXVariantGroup section */

/* Begin XCBuildConfiguration section */
		3D9924B41EB4A4F10005310E /* Debug */ = {
			isa = XCBuildConfiguration;
			buildSettings = {
				ALWAYS_SEARCH_USER_PATHS = NO;
				CLANG_ANALYZER_NONNULL = YES;
				CLANG_ANALYZER_NUMBER_OBJECT_CONVERSION = YES_AGGRESSIVE;
				CLANG_CXX_LANGUAGE_STANDARD = "gnu++0x";
				CLANG_CXX_LIBRARY = "libc++";
				CLANG_ENABLE_MODULES = YES;
				CLANG_ENABLE_OBJC_ARC = YES;
				CLANG_WARN_BOOL_CONVERSION = YES;
				CLANG_WARN_CONSTANT_CONVERSION = YES;
				CLANG_WARN_DIRECT_OBJC_ISA_USAGE = YES_ERROR;
				CLANG_WARN_DOCUMENTATION_COMMENTS = YES;
				CLANG_WARN_EMPTY_BODY = YES;
				CLANG_WARN_ENUM_CONVERSION = YES;
				CLANG_WARN_INFINITE_RECURSION = YES;
				CLANG_WARN_INT_CONVERSION = YES;
				CLANG_WARN_OBJC_ROOT_CLASS = YES_ERROR;
				CLANG_WARN_SUSPICIOUS_MOVE = YES;
				CLANG_WARN_UNREACHABLE_CODE = YES;
				CLANG_WARN__DUPLICATE_METHOD_MATCH = YES;
				"CODE_SIGN_IDENTITY[sdk=iphoneos*]" = "iPhone Developer";
				COPY_PHASE_STRIP = NO;
				DEBUG_INFORMATION_FORMAT = dwarf;
				ENABLE_STRICT_OBJC_MSGSEND = YES;
				ENABLE_TESTABILITY = YES;
				GCC_C_LANGUAGE_STANDARD = gnu99;
				GCC_DYNAMIC_NO_PIC = NO;
				GCC_NO_COMMON_BLOCKS = YES;
				GCC_OPTIMIZATION_LEVEL = 0;
				GCC_PREPROCESSOR_DEFINITIONS = (
					"DEBUG=1",
					"$(inherited)",
				);
				GCC_WARN_64_TO_32_BIT_CONVERSION = YES;
				GCC_WARN_ABOUT_RETURN_TYPE = YES_ERROR;
				GCC_WARN_UNDECLARED_SELECTOR = YES;
				GCC_WARN_UNINITIALIZED_AUTOS = YES_AGGRESSIVE;
				GCC_WARN_UNUSED_FUNCTION = YES;
				GCC_WARN_UNUSED_VARIABLE = YES;
				IPHONEOS_DEPLOYMENT_TARGET = 10.3;
				MTL_ENABLE_DEBUG_INFO = YES;
				ONLY_ACTIVE_ARCH = YES;
				SDKROOT = iphoneos;
				TARGETED_DEVICE_FAMILY = "1,2";
			};
			name = Debug;
		};
		3D9924B51EB4A4F10005310E /* Release */ = {
			isa = XCBuildConfiguration;
			buildSettings = {
				ALWAYS_SEARCH_USER_PATHS = NO;
				CLANG_ANALYZER_NONNULL = YES;
				CLANG_ANALYZER_NUMBER_OBJECT_CONVERSION = YES_AGGRESSIVE;
				CLANG_CXX_LANGUAGE_STANDARD = "gnu++0x";
				CLANG_CXX_LIBRARY = "libc++";
				CLANG_ENABLE_MODULES = YES;
				CLANG_ENABLE_OBJC_ARC = YES;
				CLANG_WARN_BOOL_CONVERSION = YES;
				CLANG_WARN_CONSTANT_CONVERSION = YES;
				CLANG_WARN_DIRECT_OBJC_ISA_USAGE = YES_ERROR;
				CLANG_WARN_DOCUMENTATION_COMMENTS = YES;
				CLANG_WARN_EMPTY_BODY = YES;
				CLANG_WARN_ENUM_CONVERSION = YES;
				CLANG_WARN_INFINITE_RECURSION = YES;
				CLANG_WARN_INT_CONVERSION = YES;
				CLANG_WARN_OBJC_ROOT_CLASS = YES_ERROR;
				CLANG_WARN_SUSPICIOUS_MOVE = YES;
				CLANG_WARN_UNREACHABLE_CODE = YES;
				CLANG_WARN__DUPLICATE_METHOD_MATCH = YES;
				"CODE_SIGN_IDENTITY[sdk=iphoneos*]" = "iPhone Developer";
				COPY_PHASE_STRIP = NO;
				DEBUG_INFORMATION_FORMAT = "dwarf-with-dsym";
				ENABLE_NS_ASSERTIONS = NO;
				ENABLE_STRICT_OBJC_MSGSEND = YES;
				GCC_C_LANGUAGE_STANDARD = gnu99;
				GCC_NO_COMMON_BLOCKS = YES;
				GCC_WARN_64_TO_32_BIT_CONVERSION = YES;
				GCC_WARN_ABOUT_RETURN_TYPE = YES_ERROR;
				GCC_WARN_UNDECLARED_SELECTOR = YES;
				GCC_WARN_UNINITIALIZED_AUTOS = YES_AGGRESSIVE;
				GCC_WARN_UNUSED_FUNCTION = YES;
				GCC_WARN_UNUSED_VARIABLE = YES;
				IPHONEOS_DEPLOYMENT_TARGET = 10.3;
				MTL_ENABLE_DEBUG_INFO = NO;
				SDKROOT = iphoneos;
				TARGETED_DEVICE_FAMILY = "1,2";
				VALIDATE_PRODUCT = YES;
			};
			name = Release;
		};
		3D9924B71EB4A4F10005310E /* Debug */ = {
			isa = XCBuildConfiguration;
			baseConfigurationReference = 476D2221A9ABC37A6045EF7C /* Pods-FunctionalReactivePixels.debug.xcconfig */;
			buildSettings = {
				ASSETCATALOG_COMPILER_APPICON_NAME = AppIcon;
				DEVELOPMENT_TEAM = 5KSG8638H7;
				INFOPLIST_FILE = FunctionalReactivePixels/Info.plist;
				IPHONEOS_DEPLOYMENT_TARGET = 9.1;
				LD_RUNPATH_SEARCH_PATHS = "$(inherited) @executable_path/Frameworks";
				PRODUCT_BUNDLE_IDENTIFIER = com.peregoy.FunctionalReactivePixels;
				PRODUCT_NAME = "$(TARGET_NAME)";
			};
			name = Debug;
		};
		3D9924B81EB4A4F10005310E /* Release */ = {
			isa = XCBuildConfiguration;
			baseConfigurationReference = AA5292B0D6EE2A471A71F1F2 /* Pods-FunctionalReactivePixels.release.xcconfig */;
			buildSettings = {
				ASSETCATALOG_COMPILER_APPICON_NAME = AppIcon;
				DEVELOPMENT_TEAM = 5KSG8638H7;
				INFOPLIST_FILE = FunctionalReactivePixels/Info.plist;
				IPHONEOS_DEPLOYMENT_TARGET = 9.1;
				LD_RUNPATH_SEARCH_PATHS = "$(inherited) @executable_path/Frameworks";
				PRODUCT_BUNDLE_IDENTIFIER = com.peregoy.FunctionalReactivePixels;
				PRODUCT_NAME = "$(TARGET_NAME)";
			};
			name = Release;
		};
		3D9924BA1EB4A4F10005310E /* Debug */ = {
			isa = XCBuildConfiguration;
			baseConfigurationReference = 94157A56CC85AAB4F7705DC7 /* Pods-FunctionalReactivePixelsTests.debug.xcconfig */;
			buildSettings = {
				BUNDLE_LOADER = "$(TEST_HOST)";
				DEVELOPMENT_TEAM = 5KSG8638H7;
				INFOPLIST_FILE = FunctionalReactivePixelsTests/Info.plist;
				LD_RUNPATH_SEARCH_PATHS = "$(inherited) @executable_path/Frameworks @loader_path/Frameworks";
				PRODUCT_BUNDLE_IDENTIFIER = com.peregoy.FunctionalReactivePixelsTests;
				PRODUCT_NAME = "$(TARGET_NAME)";
				TEST_HOST = "$(BUILT_PRODUCTS_DIR)/FunctionalReactivePixels.app/FunctionalReactivePixels";
			};
			name = Debug;
		};
		3D9924BB1EB4A4F10005310E /* Release */ = {
			isa = XCBuildConfiguration;
			baseConfigurationReference = 7D836945F2E2EF8F2C32A0ED /* Pods-FunctionalReactivePixelsTests.release.xcconfig */;
			buildSettings = {
				BUNDLE_LOADER = "$(TEST_HOST)";
				DEVELOPMENT_TEAM = 5KSG8638H7;
				INFOPLIST_FILE = FunctionalReactivePixelsTests/Info.plist;
				LD_RUNPATH_SEARCH_PATHS = "$(inherited) @executable_path/Frameworks @loader_path/Frameworks";
				PRODUCT_BUNDLE_IDENTIFIER = com.peregoy.FunctionalReactivePixelsTests;
				PRODUCT_NAME = "$(TARGET_NAME)";
				TEST_HOST = "$(BUILT_PRODUCTS_DIR)/FunctionalReactivePixels.app/FunctionalReactivePixels";
			};
			name = Release;
		};
		3D9924BD1EB4A4F10005310E /* Debug */ = {
			isa = XCBuildConfiguration;
			baseConfigurationReference = 6CD0F0753E594444B0E241C4 /* Pods-FunctionalReactivePixelsUITests.debug.xcconfig */;
			buildSettings = {
				DEVELOPMENT_TEAM = 5KSG8638H7;
				INFOPLIST_FILE = FunctionalReactivePixelsUITests/Info.plist;
				LD_RUNPATH_SEARCH_PATHS = "$(inherited) @executable_path/Frameworks @loader_path/Frameworks";
				PRODUCT_BUNDLE_IDENTIFIER = com.peregoy.FunctionalReactivePixelsUITests;
				PRODUCT_NAME = "$(TARGET_NAME)";
				TEST_TARGET_NAME = FunctionalReactivePixels;
			};
			name = Debug;
		};
		3D9924BE1EB4A4F10005310E /* Release */ = {
			isa = XCBuildConfiguration;
			baseConfigurationReference = C19EBA9EE6403D6F75EC3AE0 /* Pods-FunctionalReactivePixelsUITests.release.xcconfig */;
			buildSettings = {
				DEVELOPMENT_TEAM = 5KSG8638H7;
				INFOPLIST_FILE = FunctionalReactivePixelsUITests/Info.plist;
				LD_RUNPATH_SEARCH_PATHS = "$(inherited) @executable_path/Frameworks @loader_path/Frameworks";
				PRODUCT_BUNDLE_IDENTIFIER = com.peregoy.FunctionalReactivePixelsUITests;
				PRODUCT_NAME = "$(TARGET_NAME)";
				TEST_TARGET_NAME = FunctionalReactivePixels;
			};
			name = Release;
		};
/* End XCBuildConfiguration section */

/* Begin XCConfigurationList section */
		3D9924841EB4A4F10005310E /* Build configuration list for PBXProject "FunctionalReactivePixels" */ = {
			isa = XCConfigurationList;
			buildConfigurations = (
				3D9924B41EB4A4F10005310E /* Debug */,
				3D9924B51EB4A4F10005310E /* Release */,
			);
			defaultConfigurationIsVisible = 0;
			defaultConfigurationName = Release;
		};
		3D9924B61EB4A4F10005310E /* Build configuration list for PBXNativeTarget "FunctionalReactivePixels" */ = {
			isa = XCConfigurationList;
			buildConfigurations = (
				3D9924B71EB4A4F10005310E /* Debug */,
				3D9924B81EB4A4F10005310E /* Release */,
			);
			defaultConfigurationIsVisible = 0;
			defaultConfigurationName = Release;
		};
		3D9924B91EB4A4F10005310E /* Build configuration list for PBXNativeTarget "FunctionalReactivePixelsTests" */ = {
			isa = XCConfigurationList;
			buildConfigurations = (
				3D9924BA1EB4A4F10005310E /* Debug */,
				3D9924BB1EB4A4F10005310E /* Release */,
			);
			defaultConfigurationIsVisible = 0;
			defaultConfigurationName = Release;
		};
		3D9924BC1EB4A4F10005310E /* Build configuration list for PBXNativeTarget "FunctionalReactivePixelsUITests" */ = {
			isa = XCConfigurationList;
			buildConfigurations = (
				3D9924BD1EB4A4F10005310E /* Debug */,
				3D9924BE1EB4A4F10005310E /* Release */,
			);
			defaultConfigurationIsVisible = 0;
			defaultConfigurationName = Release;
		};
/* End XCConfigurationList section */
	};
	rootObject = 3D9924811EB4A4F10005310E /* Project object */;
}
